Microsoft Visual Studio Solution File, Format Version 12.00
# Visual Studio 2012
Project("{FAE04EC0-301F-11D3-BF4B-00C04F79EFBC}") = "DanKeTools_Godot", "DanKeTools_Godot.csproj", "{3AA832EB-6428-492D-9396-2E6561A56061}"
EndProject
Global
	GlobalSection(SolutionConfigurationPlatforms) = preSolution
	Debug|Any CPU = Debug|Any CPU
	ExportDebug|Any CPU = ExportDebug|Any CPU
	ExportRelease|Any CPU = ExportRelease|Any CPU
	EndGlobalSection
	GlobalSection(ProjectConfigurationPlatforms) = postSolution
		{3AA832EB-6428-492D-9396-2E6561A56061}.Debug|Any CPU.ActiveCfg = Debug|Any CPU
		{3AA832EB-6428-492D-9396-2E6561A56061}.Debug|Any CPU.Build.0 = Debug|Any CPU
		{3AA832EB-6428-492D-9396-2E6561A56061}.ExportDebug|Any CPU.ActiveCfg = ExportDebug|Any CPU
		{3AA832EB-6428-492D-9396-2E6561A56061}.ExportDebug|Any CPU.Build.0 = ExportDebug|Any CPU
		{3AA832EB-6428-492D-9396-2E6561A56061}.ExportRelease|Any CPU.ActiveCfg = ExportRelease|Any CPU
		{3AA832EB-6428-492D-9396-2E6561A56061}.ExportRelease|Any CPU.Build.0 = ExportRelease|Any CPU
	EndGlobalSection
EndGlobal
